
Microsoft Visual Studio Solution File, Format Version 12.00
Project("{FAE04EC0-301F-11D3-BF4B-00C04F79EFBC}") = "Wrapper", "Wrapper\Wrapper.csproj", "{648DBDCA-9CF9-4394-B72D-F5AA6A5CE689}"
EndProject
Project("{FAE04EC0-301F-11D3-BF4B-00C04F79EFBC}") = "LambdaService", "LambdaService\LambdaService.csproj", "{00B3ECAF-F6BE-4878-81AC-14002029BED6}"
EndProject
Project("{FAE04EC0-301F-11D3-BF4B-00C04F79EFBC}") = "Messages", "Messages\Messages.csproj", "{2417E87A-4241-4591-8A8E-E0D1C0105ED7}"
EndProject
Global
	GlobalSection(SolutionConfigurationPlatforms) = preSolution
		Debug|Any CPU = Debug|Any CPU
		Release|Any CPU = Release|Any CPU
	EndGlobalSection
	GlobalSection(ProjectConfigurationPlatforms) = postSolution
		{648DBDCA-9CF9-4394-B72D-F5AA6A5CE689}.Debug|Any CPU.ActiveCfg = Debug|Any CPU
		{648DBDCA-9CF9-4394-B72D-F5AA6A5CE689}.Debug|Any CPU.Build.0 = Debug|Any CPU
		{648DBDCA-9CF9-4394-B72D-F5AA6A5CE689}.Release|Any CPU.ActiveCfg = Release|Any CPU
		{648DBDCA-9CF9-4394-B72D-F5AA6A5CE689}.Release|Any CPU.Build.0 = Release|Any CPU
		{00B3ECAF-F6BE-4878-81AC-14002029BED6}.Debug|Any CPU.ActiveCfg = Debug|Any CPU
		{00B3ECAF-F6BE-4878-81AC-14002029BED6}.Debug|Any CPU.Build.0 = Debug|Any CPU
		{00B3ECAF-F6BE-4878-81AC-14002029BED6}.Release|Any CPU.ActiveCfg = Release|Any CPU
		{00B3ECAF-F6BE-4878-81AC-14002029BED6}.Release|Any CPU.Build.0 = Release|Any CPU
		{2417E87A-4241-4591-8A8E-E0D1C0105ED7}.Debug|Any CPU.ActiveCfg = Debug|Any CPU
		{2417E87A-4241-4591-8A8E-E0D1C0105ED7}.Debug|Any CPU.Build.0 = Debug|Any CPU
		{2417E87A-4241-4591-8A8E-E0D1C0105ED7}.Release|Any CPU.ActiveCfg = Release|Any CPU
		{2417E87A-4241-4591-8A8E-E0D1C0105ED7}.Release|Any CPU.Build.0 = Release|Any CPU
	EndGlobalSection
EndGlobal
